
Microsoft Visual Studio Solution File, Format Version 12.00
# Visual Studio 2013
VisualStudioVersion = 12.0.21005.1
MinimumVisualStudioVersion = 10.0.40219.1
Project("{FAE04EC0-301F-11D3-BF4B-00C04F79EFBC}") = "KioskApp", "KioskApp\KioskApp.csproj", "{7D0AB8E3-E701-4AC5-9E08-A06AF976A875}"
EndProject
Project("{6141683F-8A12-4E36-9623-2EB02B2C2303}") = "KioskAppSetup", "KioskAppSetup\KioskAppSetup.isproj", "{F4544D55-7271-4E0B-BFD6-658BCD3FF718}"
	ProjectSection(ProjectDependencies) = postProject
		{7D0AB8E3-E701-4AC5-9E08-A06AF976A875} = {7D0AB8E3-E701-4AC5-9E08-A06AF976A875}
	EndProjectSection
EndProject
Project("{FAE04EC0-301F-11D3-BF4B-00C04F79EFBC}") = "WpfKb", "KioskApp\WpfKb\WpfKb.csproj", "{0784CDC9-0F52-4B8B-9488-6589C11E94E2}"
EndProject
Project("{54435603-DBB4-11D2-8724-00A0C9A8B90C}") = "KioskApp_Setup", "KioskApp_Setup\KioskApp_Setup.vdproj", "{1E14A823-F91E-4E19-B2A9-B6A5FD7B552E}"
EndProject
Project("{54435603-DBB4-11D2-8724-00A0C9A8B90C}") = "KioskAppSetupV2.0.3", "KioskAppSetupV2.0.3\KioskAppSetupV2.0.3.vdproj", "{5AFE2145-5E2F-42B7-AE51-DA7A974F6F32}"
EndProject
Global
	GlobalSection(SolutionConfigurationPlatforms) = preSolution
		CD_ROM|Any CPU = CD_ROM|Any CPU
		CD_ROM|Mixed Platforms = CD_ROM|Mixed Platforms
		CD_ROM|Win32 = CD_ROM|Win32
		CD_ROM|x64 = CD_ROM|x64
		CD_ROM|x86 = CD_ROM|x86
		Debug|Any CPU = Debug|Any CPU
		Debug|Mixed Platforms = Debug|Mixed Platforms
		Debug|Win32 = Debug|Win32
		Debug|x64 = Debug|x64
		Debug|x86 = Debug|x86
		DVD-5|Any CPU = DVD-5|Any CPU
		DVD-5|Mixed Platforms = DVD-5|Mixed Platforms
		DVD-5|Win32 = DVD-5|Win32
		DVD-5|x64 = DVD-5|x64
		DVD-5|x86 = DVD-5|x86
		Release|Any CPU = Release|Any CPU
		Release|Mixed Platforms = Release|Mixed Platforms
		Release|Win32 = Release|Win32
		Release|x64 = Release|x64
		Release|x86 = Release|x86
		SingleImage|Any CPU = SingleImage|Any CPU
		SingleImage|Mixed Platforms = SingleImage|Mixed Platforms
		SingleImage|Win32 = SingleImage|Win32
		SingleImage|x64 = SingleImage|x64
		SingleImage|x86 = SingleImage|x86
	EndGlobalSection
	GlobalSection(ProjectConfigurationPlatforms) = postSolution
		{7D0AB8E3-E701-4AC5-9E08-A06AF976A875}.CD_ROM|Any CPU.ActiveCfg = Release|Any CPU
		{7D0AB8E3-E701-4AC5-9E08-A06AF976A875}.CD_ROM|Any CPU.Build.0 = Release|Any CPU
		{7D0AB8E3-E701-4AC5-9E08-A06AF976A875}.CD_ROM|Mixed Platforms.ActiveCfg = Release|x86
		{7D0AB8E3-E701-4AC5-9E08-A06AF976A875}.CD_ROM|Mixed Platforms.Build.0 = Release|x86
		{7D0AB8E3-E701-4AC5-9E08-A06AF976A875}.CD_ROM|Win32.ActiveCfg = Release|x86
		{7D0AB8E3-E701-4AC5-9E08-A06AF976A875}.CD_ROM|Win32.Build.0 = Release|x86
		{7D0AB8E3-E701-4AC5-9E08-A06AF976A875}.CD_ROM|x64.ActiveCfg = Release|Any CPU
		{7D0AB8E3-E701-4AC5-9E08-A06AF976A875}.CD_ROM|x86.ActiveCfg = Release|x86
		{7D0AB8E3-E701-4AC5-9E08-A06AF976A875}.CD_ROM|x86.Build.0 = Release|x86
		{7D0AB8E3-E701-4AC5-9E08-A06AF976A875}.Debug|Any CPU.ActiveCfg = Debug|Any CPU
		{7D0AB8E3-E701-4AC5-9E08-A06AF976A875}.Debug|Any CPU.Build.0 = Debug|Any CPU
		{7D0AB8E3-E701-4AC5-9E08-A06AF976A875}.Debug|Mixed Platforms.ActiveCfg = Debug|Any CPU
		{7D0AB8E3-E701-4AC5-9E08-A06AF976A875}.Debug|Mixed Platforms.Build.0 = Debug|Any CPU
		{7D0AB8E3-E701-4AC5-9E08-A06AF976A875}.Debug|Win32.ActiveCfg = Debug|Any CPU
		{7D0AB8E3-E701-4AC5-9E08-A06AF976A875}.Debug|x64.ActiveCfg = Debug|Any CPU
		{7D0AB8E3-E701-4AC5-9E08-A06AF976A875}.Debug|x86.ActiveCfg = Debug|x86
		{7D0AB8E3-E701-4AC5-9E08-A06AF976A875}.Debug|x86.Build.0 = Debug|x86
		{7D0AB8E3-E701-4AC5-9E08-A06AF976A875}.Debug|x86.Deploy.0 = Debug|x86
		{7D0AB8E3-E701-4AC5-9E08-A06AF976A875}.DVD-5|Any CPU.ActiveCfg = Debug|Any CPU
		{7D0AB8E3-E701-4AC5-9E08-A06AF976A875}.DVD-5|Any CPU.Build.0 = Debug|Any CPU
		{7D0AB8E3-E701-4AC5-9E08-A06AF976A875}.DVD-5|Mixed Platforms.ActiveCfg = Debug|x86
		{7D0AB8E3-E701-4AC5-9E08-A06AF976A875}.DVD-5|Mixed Platforms.Build.0 = Debug|x86
		{7D0AB8E3-E701-4AC5-9E08-A06AF976A875}.DVD-5|Win32.ActiveCfg = Debug|x86
		{7D0AB8E3-E701-4AC5-9E08-A06AF976A875}.DVD-5|Win32.Build.0 = Debug|x86
		{7D0AB8E3-E701-4AC5-9E08-A06AF976A875}.DVD-5|x64.ActiveCfg = Debug|Any CPU
		{7D0AB8E3-E701-4AC5-9E08-A06AF976A875}.DVD-5|x86.ActiveCfg = Debug|x86
		{7D0AB8E3-E701-4AC5-9E08-A06AF976A875}.DVD-5|x86.Build.0 = Debug|x86
		{7D0AB8E3-E701-4AC5-9E08-A06AF976A875}.Release|Any CPU.ActiveCfg = Release|Any CPU
		{7D0AB8E3-E701-4AC5-9E08-A06AF976A875}.Release|Any CPU.Build.0 = Release|Any CPU
		{7D0AB8E3-E701-4AC5-9E08-A06AF976A875}.Release|Mixed Platforms.ActiveCfg = Release|Any CPU
		{7D0AB8E3-E701-4AC5-9E08-A06AF976A875}.Release|Mixed Platforms.Build.0 = Release|Any CPU
		{7D0AB8E3-E701-4AC5-9E08-A06AF976A875}.Release|Win32.ActiveCfg = Release|Any CPU
		{7D0AB8E3-E701-4AC5-9E08-A06AF976A875}.Release|x64.ActiveCfg = Release|Any CPU
		{7D0AB8E3-E701-4AC5-9E08-A06AF976A875}.Release|x86.ActiveCfg = Release|x86
		{7D0AB8E3-E701-4AC5-9E08-A06AF976A875}.Release|x86.Build.0 = Release|x86
		{7D0AB8E3-E701-4AC5-9E08-A06AF976A875}.SingleImage|Any CPU.ActiveCfg = Release|Any CPU
		{7D0AB8E3-E701-4AC5-9E08-A06AF976A875}.SingleImage|Any CPU.Build.0 = Release|Any CPU
		{7D0AB8E3-E701-4AC5-9E08-A06AF976A875}.SingleImage|Mixed Platforms.ActiveCfg = Release|x86
		{7D0AB8E3-E701-4AC5-9E08-A06AF976A875}.SingleImage|Mixed Platforms.Build.0 = Release|x86
		{7D0AB8E3-E701-4AC5-9E08-A06AF976A875}.SingleImage|Win32.ActiveCfg = Release|x86
		{7D0AB8E3-E701-4AC5-9E08-A06AF976A875}.SingleImage|Win32.Build.0 = Release|x86
		{7D0AB8E3-E701-4AC5-9E08-A06AF976A875}.SingleImage|x64.ActiveCfg = Release|Any CPU
		{7D0AB8E3-E701-4AC5-9E08-A06AF976A875}.SingleImage|x86.ActiveCfg = Release|x86
		{7D0AB8E3-E701-4AC5-9E08-A06AF976A875}.SingleImage|x86.Build.0 = Release|x86
		{F4544D55-7271-4E0B-BFD6-658BCD3FF718}.CD_ROM|Any CPU.ActiveCfg = CD_ROM
		{F4544D55-7271-4E0B-BFD6-658BCD3FF718}.CD_ROM|Any CPU.Build.0 = CD_ROM
		{F4544D55-7271-4E0B-BFD6-658BCD3FF718}.CD_ROM|Mixed Platforms.ActiveCfg = CD_ROM
		{F4544D55-7271-4E0B-BFD6-658BCD3FF718}.CD_ROM|Mixed Platforms.Build.0 = CD_ROM
		{F4544D55-7271-4E0B-BFD6-658BCD3FF718}.CD_ROM|Win32.ActiveCfg = CD_ROM
		{F4544D55-7271-4E0B-BFD6-658BCD3FF718}.CD_ROM|Win32.Build.0 = CD_ROM
		{F4544D55-7271-4E0B-BFD6-658BCD3FF718}.CD_ROM|x64.ActiveCfg = CD_ROM
		{F4544D55-7271-4E0B-BFD6-658BCD3FF718}.CD_ROM|x64.Build.0 = CD_ROM
		{F4544D55-7271-4E0B-BFD6-658BCD3FF718}.CD_ROM|x86.ActiveCfg = CD_ROM
		{F4544D55-7271-4E0B-BFD6-658BCD3FF718}.CD_ROM|x86.Build.0 = CD_ROM
		{F4544D55-7271-4E0B-BFD6-658BCD3FF718}.Debug|Any CPU.ActiveCfg = DVD-5
		{F4544D55-7271-4E0B-BFD6-658BCD3FF718}.Debug|Any CPU.Build.0 = DVD-5
		{F4544D55-7271-4E0B-BFD6-658BCD3FF718}.Debug|Mixed Platforms.ActiveCfg = DVD-5
		{F4544D55-7271-4E0B-BFD6-658BCD3FF718}.Debug|Mixed Platforms.Build.0 = DVD-5
		{F4544D55-7271-4E0B-BFD6-658BCD3FF718}.Debug|Win32.ActiveCfg = DVD-5
		{F4544D55-7271-4E0B-BFD6-658BCD3FF718}.Debug|Win32.Build.0 = DVD-5
		{F4544D55-7271-4E0B-BFD6-658BCD3FF718}.Debug|x64.ActiveCfg = DVD-5
		{F4544D55-7271-4E0B-BFD6-658BCD3FF718}.Debug|x64.Build.0 = DVD-5
		{F4544D55-7271-4E0B-BFD6-658BCD3FF718}.Debug|x86.ActiveCfg = DVD-5
		{F4544D55-7271-4E0B-BFD6-658BCD3FF718}.Debug|x86.Build.0 = DVD-5
		{F4544D55-7271-4E0B-BFD6-658BCD3FF718}.DVD-5|Any CPU.ActiveCfg = DVD-5
		{F4544D55-7271-4E0B-BFD6-658BCD3FF718}.DVD-5|Any CPU.Build.0 = DVD-5
		{F4544D55-7271-4E0B-BFD6-658BCD3FF718}.DVD-5|Mixed Platforms.ActiveCfg = DVD-5
		{F4544D55-7271-4E0B-BFD6-658BCD3FF718}.DVD-5|Mixed Platforms.Build.0 = DVD-5
		{F4544D55-7271-4E0B-BFD6-658BCD3FF718}.DVD-5|Win32.ActiveCfg = DVD-5
		{F4544D55-7271-4E0B-BFD6-658BCD3FF718}.DVD-5|Win32.Build.0 = DVD-5
		{F4544D55-7271-4E0B-BFD6-658BCD3FF718}.DVD-5|x64.ActiveCfg = DVD-5
		{F4544D55-7271-4E0B-BFD6-658BCD3FF718}.DVD-5|x64.Build.0 = DVD-5
		{F4544D55-7271-4E0B-BFD6-658BCD3FF718}.DVD-5|x86.ActiveCfg = DVD-5
		{F4544D55-7271-4E0B-BFD6-658BCD3FF718}.DVD-5|x86.Build.0 = DVD-5
		{F4544D55-7271-4E0B-BFD6-658BCD3FF718}.Release|Any CPU.ActiveCfg = SingleImage
		{F4544D55-7271-4E0B-BFD6-658BCD3FF718}.Release|Any CPU.Build.0 = SingleImage
		{F4544D55-7271-4E0B-BFD6-658BCD3FF718}.Release|Mixed Platforms.ActiveCfg = SingleImage
		{F4544D55-7271-4E0B-BFD6-658BCD3FF718}.Release|Mixed Platforms.Build.0 = SingleImage
		{F4544D55-7271-4E0B-BFD6-658BCD3FF718}.Release|Win32.ActiveCfg = SingleImage
		{F4544D55-7271-4E0B-BFD6-658BCD3FF718}.Release|Win32.Build.0 = SingleImage
		{F4544D55-7271-4E0B-BFD6-658BCD3FF718}.Release|x64.ActiveCfg = SingleImage
		{F4544D55-7271-4E0B-BFD6-658BCD3FF718}.Release|x64.Build.0 = SingleImage
		{F4544D55-7271-4E0B-BFD6-658BCD3FF718}.Release|x86.ActiveCfg = SingleImage
		{F4544D55-7271-4E0B-BFD6-658BCD3FF718}.Release|x86.Build.0 = SingleImage
		{F4544D55-7271-4E0B-BFD6-658BCD3FF718}.SingleImage|Any CPU.ActiveCfg = SingleImage
		{F4544D55-7271-4E0B-BFD6-658BCD3FF718}.SingleImage|Any CPU.Build.0 = SingleImage
		{F4544D55-7271-4E0B-BFD6-658BCD3FF718}.SingleImage|Mixed Platforms.ActiveCfg = SingleImage
		{F4544D55-7271-4E0B-BFD6-658BCD3FF718}.SingleImage|Mixed Platforms.Build.0 = SingleImage
		{F4544D55-7271-4E0B-BFD6-658BCD3FF718}.SingleImage|Win32.ActiveCfg = SingleImage
		{F4544D55-7271-4E0B-BFD6-658BCD3FF718}.SingleImage|Win32.Build.0 = SingleImage
		{F4544D55-7271-4E0B-BFD6-658BCD3FF718}.SingleImage|x64.ActiveCfg = SingleImage
		{F4544D55-7271-4E0B-BFD6-658BCD3FF718}.SingleImage|x64.Build.0 = SingleImage
		{F4544D55-7271-4E0B-BFD6-658BCD3FF718}.SingleImage|x86.ActiveCfg = SingleImage
		{F4544D55-7271-4E0B-BFD6-658BCD3FF718}.SingleImage|x86.Build.0 = SingleImage
		{0784CDC9-0F52-4B8B-9488-6589C11E94E2}.CD_ROM|Any CPU.ActiveCfg = Release|Any CPU
		{0784CDC9-0F52-4B8B-9488-6589C11E94E2}.CD_ROM|Any CPU.Build.0 = Release|Any CPU
		{0784CDC9-0F52-4B8B-9488-6589C11E94E2}.CD_ROM|Mixed Platforms.ActiveCfg = Release|Any CPU
		{0784CDC9-0F52-4B8B-9488-6589C11E94E2}.CD_ROM|Mixed Platforms.Build.0 = Release|Any CPU
		{0784CDC9-0F52-4B8B-9488-6589C11E94E2}.CD_ROM|Win32.ActiveCfg = Release|Any CPU
		{0784CDC9-0F52-4B8B-9488-6589C11E94E2}.CD_ROM|x64.ActiveCfg = Release|Any CPU
		{0784CDC9-0F52-4B8B-9488-6589C11E94E2}.CD_ROM|x86.ActiveCfg = Release|Any CPU
		{0784CDC9-0F52-4B8B-9488-6589C11E94E2}.Debug|Any CPU.ActiveCfg = Debug|Any CPU
		{0784CDC9-0F52-4B8B-9488-6589C11E94E2}.Debug|Any CPU.Build.0 = Debug|Any CPU
		{0784CDC9-0F52-4B8B-9488-6589C11E94E2}.Debug|Mixed Platforms.ActiveCfg = Debug|Any CPU
		{0784CDC9-0F52-4B8B-9488-6589C11E94E2}.Debug|Mixed Platforms.Build.0 = Debug|Any CPU
		{0784CDC9-0F52-4B8B-9488-6589C11E94E2}.Debug|Win32.ActiveCfg = Debug|Any CPU
		{0784CDC9-0F52-4B8B-9488-6589C11E94E2}.Debug|x64.ActiveCfg = Debug|Any CPU
		{0784CDC9-0F52-4B8B-9488-6589C11E94E2}.Debug|x86.ActiveCfg = Debug|Any CPU
		{0784CDC9-0F52-4B8B-9488-6589C11E94E2}.DVD-5|Any CPU.ActiveCfg = Debug|Any CPU
		{0784CDC9-0F52-4B8B-9488-6589C11E94E2}.DVD-5|Any CPU.Build.0 = Debug|Any CPU
		{0784CDC9-0F52-4B8B-9488-6589C11E94E2}.DVD-5|Mixed Platforms.ActiveCfg = Debug|Any CPU
		{0784CDC9-0F52-4B8B-9488-6589C11E94E2}.DVD-5|Mixed Platforms.Build.0 = Debug|Any CPU
		{0784CDC9-0F52-4B8B-9488-6589C11E94E2}.DVD-5|Win32.ActiveCfg = Debug|Any CPU
		{0784CDC9-0F52-4B8B-9488-6589C11E94E2}.DVD-5|x64.ActiveCfg = Debug|Any CPU
		{0784CDC9-0F52-4B8B-9488-6589C11E94E2}.DVD-5|x86.ActiveCfg = Debug|Any CPU
		{0784CDC9-0F52-4B8B-9488-6589C11E94E2}.Release|Any CPU.ActiveCfg = Release|Any CPU
		{0784CDC9-0F52-4B8B-9488-6589C11E94E2}.Release|Any CPU.Build.0 = Release|Any CPU
		{0784CDC9-0F52-4B8B-9488-6589C11E94E2}.Release|Mixed Platforms.ActiveCfg = Release|Any CPU
		{0784CDC9-0F52-4B8B-9488-6589C11E94E2}.Release|Mixed Platforms.Build.0 = Release|Any CPU
		{0784CDC9-0F52-4B8B-9488-6589C11E94E2}.Release|Win32.ActiveCfg = Release|Any CPU
		{0784CDC9-0F52-4B8B-9488-6589C11E94E2}.Release|x64.ActiveCfg = Release|Any CPU
		{0784CDC9-0F52-4B8B-9488-6589C11E94E2}.Release|x86.ActiveCfg = Release|Any CPU
		{0784CDC9-0F52-4B8B-9488-6589C11E94E2}.SingleImage|Any CPU.ActiveCfg = Release|Any CPU
		{0784CDC9-0F52-4B8B-9488-6589C11E94E2}.SingleImage|Any CPU.Build.0 = Release|Any CPU
		{0784CDC9-0F52-4B8B-9488-6589C11E94E2}.SingleImage|Mixed Platforms.ActiveCfg = Release|Any CPU
		{0784CDC9-0F52-4B8B-9488-6589C11E94E2}.SingleImage|Mixed Platforms.Build.0 = Release|Any CPU
		{0784CDC9-0F52-4B8B-9488-6589C11E94E2}.SingleImage|Win32.ActiveCfg = Release|Any CPU
		{0784CDC9-0F52-4B8B-9488-6589C11E94E2}.SingleImage|x64.ActiveCfg = Release|Any CPU
		{0784CDC9-0F52-4B8B-9488-6589C11E94E2}.SingleImage|x86.ActiveCfg = Release|Any CPU
		{1E14A823-F91E-4E19-B2A9-B6A5FD7B552E}.CD_ROM|Any CPU.ActiveCfg = Release
		{1E14A823-F91E-4E19-B2A9-B6A5FD7B552E}.CD_ROM|Mixed Platforms.ActiveCfg = Release
		{1E14A823-F91E-4E19-B2A9-B6A5FD7B552E}.CD_ROM|Win32.ActiveCfg = Release
		{1E14A823-F91E-4E19-B2A9-B6A5FD7B552E}.CD_ROM|x64.ActiveCfg = Release
		{1E14A823-F91E-4E19-B2A9-B6A5FD7B552E}.CD_ROM|x86.ActiveCfg = Release
		{1E14A823-F91E-4E19-B2A9-B6A5FD7B552E}.Debug|Any CPU.ActiveCfg = Debug
		{1E14A823-F91E-4E19-B2A9-B6A5FD7B552E}.Debug|Mixed Platforms.ActiveCfg = Debug
		{1E14A823-F91E-4E19-B2A9-B6A5FD7B552E}.Debug|Win32.ActiveCfg = Debug
		{1E14A823-F91E-4E19-B2A9-B6A5FD7B552E}.Debug|x64.ActiveCfg = Debug
		{1E14A823-F91E-4E19-B2A9-B6A5FD7B552E}.Debug|x86.ActiveCfg = Debug
		{1E14A823-F91E-4E19-B2A9-B6A5FD7B552E}.DVD-5|Any CPU.ActiveCfg = Debug
		{1E14A823-F91E-4E19-B2A9-B6A5FD7B552E}.DVD-5|Mixed Platforms.ActiveCfg = Debug
		{1E14A823-F91E-4E19-B2A9-B6A5FD7B552E}.DVD-5|Win32.ActiveCfg = Debug
		{1E14A823-F91E-4E19-B2A9-B6A5FD7B552E}.DVD-5|x64.ActiveCfg = Debug
		{1E14A823-F91E-4E19-B2A9-B6A5FD7B552E}.DVD-5|x86.ActiveCfg = Debug
		{1E14A823-F91E-4E19-B2A9-B6A5FD7B552E}.Release|Any CPU.ActiveCfg = Release
		{1E14A823-F91E-4E19-B2A9-B6A5FD7B552E}.Release|Mixed Platforms.ActiveCfg = Release
		{1E14A823-F91E-4E19-B2A9-B6A5FD7B552E}.Release|Win32.ActiveCfg = Release
		{1E14A823-F91E-4E19-B2A9-B6A5FD7B552E}.Release|x64.ActiveCfg = Release
		{1E14A823-F91E-4E19-B2A9-B6A5FD7B552E}.Release|x86.ActiveCfg = Release
		{1E14A823-F91E-4E19-B2A9-B6A5FD7B552E}.SingleImage|Any CPU.ActiveCfg = Release
		{1E14A823-F91E-4E19-B2A9-B6A5FD7B552E}.SingleImage|Mixed Platforms.ActiveCfg = Release
		{1E14A823-F91E-4E19-B2A9-B6A5FD7B552E}.SingleImage|Win32.ActiveCfg = Release
		{1E14A823-F91E-4E19-B2A9-B6A5FD7B552E}.SingleImage|x64.ActiveCfg = Release
		{1E14A823-F91E-4E19-B2A9-B6A5FD7B552E}.SingleImage|x86.ActiveCfg = Release
		{5AFE2145-5E2F-42B7-AE51-DA7A974F6F32}.CD_ROM|Any CPU.ActiveCfg = Release
		{5AFE2145-5E2F-42B7-AE51-DA7A974F6F32}.CD_ROM|Mixed Platforms.ActiveCfg = Release
		{5AFE2145-5E2F-42B7-AE51-DA7A974F6F32}.CD_ROM|Win32.ActiveCfg = Release
		{5AFE2145-5E2F-42B7-AE51-DA7A974F6F32}.CD_ROM|x64.ActiveCfg = Release
		{5AFE2145-5E2F-42B7-AE51-DA7A974F6F32}.CD_ROM|x86.ActiveCfg = Release
		{5AFE2145-5E2F-42B7-AE51-DA7A974F6F32}.Debug|Any CPU.ActiveCfg = Debug
		{5AFE2145-5E2F-42B7-AE51-DA7A974F6F32}.Debug|Mixed Platforms.ActiveCfg = Debug
		{5AFE2145-5E2F-42B7-AE51-DA7A974F6F32}.Debug|Win32.ActiveCfg = Debug
		{5AFE2145-5E2F-42B7-AE51-DA7A974F6F32}.Debug|x64.ActiveCfg = Debug
		{5AFE2145-5E2F-42B7-AE51-DA7A974F6F32}.Debug|x86.ActiveCfg = Debug
		{5AFE2145-5E2F-42B7-AE51-DA7A974F6F32}.DVD-5|Any CPU.ActiveCfg = Debug
		{5AFE2145-5E2F-42B7-AE51-DA7A974F6F32}.DVD-5|Mixed Platforms.ActiveCfg = Debug
		{5AFE2145-5E2F-42B7-AE51-DA7A974F6F32}.DVD-5|Win32.ActiveCfg = Debug
		{5AFE2145-5E2F-42B7-AE51-DA7A974F6F32}.DVD-5|x64.ActiveCfg = Debug
		{5AFE2145-5E2F-42B7-AE51-DA7A974F6F32}.DVD-5|x86.ActiveCfg = Debug
		{5AFE2145-5E2F-42B7-AE51-DA7A974F6F32}.Release|Any CPU.ActiveCfg = Release
		{5AFE2145-5E2F-42B7-AE51-DA7A974F6F32}.Release|Mixed Platforms.ActiveCfg = Release
		{5AFE2145-5E2F-42B7-AE51-DA7A974F6F32}.Release|Win32.ActiveCfg = Release
		{5AFE2145-5E2F-42B7-AE51-DA7A974F6F32}.Release|x64.ActiveCfg = Release
		{5AFE2145-5E2F-42B7-AE51-DA7A974F6F32}.Release|x86.ActiveCfg = Release
		{5AFE2145-5E2F-42B7-AE51-DA7A974F6F32}.SingleImage|Any CPU.ActiveCfg = Release
		{5AFE2145-5E2F-42B7-AE51-DA7A974F6F32}.SingleImage|Mixed Platforms.ActiveCfg = Release
		{5AFE2145-5E2F-42B7-AE51-DA7A974F6F32}.SingleImage|Win32.ActiveCfg = Release
		{5AFE2145-5E2F-42B7-AE51-DA7A974F6F32}.SingleImage|x64.ActiveCfg = Release
		{5AFE2145-5E2F-42B7-AE51-DA7A974F6F32}.SingleImage|x86.ActiveCfg = Release
	EndGlobalSection
	GlobalSection(SolutionProperties) = preSolution
		HideSolutionNode = FALSE
	EndGlobalSection
EndGlobal
